
Microsoft Visual Studio Solution File, Format Version 12.00
Project("{2150E333-8FDC-42A3-9474-1A3956D46DE8}") = "DataAccessLayer", "DataAccessLayer", "{EA44B553-E6FF-4565-BED4-944C0E595F5A}"
EndProject
Project("{2150E333-8FDC-42A3-9474-1A3956D46DE8}") = "BusinessLogicLayer", "BusinessLogicLayer", "{795A749D-CC6A-4783-B482-54DAFF226633}"
EndProject
Project("{FAE04EC0-301F-11D3-BF4B-00C04F79EFBC}") = "BusinessLogicLayer.Abstraction", "BusinessLogicLayer\BusinessLogicLayer.Abstraction\BusinessLogicLayer.Abstraction.csproj", "{B83AA131-7A15-46C0-B935-6542F253F852}"
EndProject
Project("{FAE04EC0-301F-11D3-BF4B-00C04F79EFBC}") = "BusinessLogicLayer.Implementation", "BusinessLogicLayer\BusinessLogicLayer.Implementation\BusinessLogicLayer.Implementation.csproj", "{934F04E1-71CC-47A9-9EB3-1F8441F3A059}"
EndProject
Project("{FAE04EC0-301F-11D3-BF4B-00C04F79EFBC}") = "BusinessLogicLayer.Objects", "BusinessLogicLayer\BusinessLogicLayer.Objects\BusinessLogicLayer.Objects.csproj", "{F6CE6405-A4FC-4338-92A9-7DA51FCDF9D5}"
EndProject
Project("{FAE04EC0-301F-11D3-BF4B-00C04F79EFBC}") = "DataAccessLayer.Abstraction", "DataAccessLayer.Abstraction\DataAccessLayer.Abstraction.csproj", "{00762951-9D3D-499B-8D1F-5AE52A918943}"
EndProject
Project("{FAE04EC0-301F-11D3-BF4B-00C04F79EFBC}") = "DataAccessLayer.Implementation", "DataAccessLayer.Implementation\DataAccessLayer.Implementation.csproj", "{D83CA583-C2A6-4DCD-83D1-614216E8C79F}"
EndProject
Project("{FAE04EC0-301F-11D3-BF4B-00C04F79EFBC}") = "DataAccessLayer.Models", "DataAccessLayer.Models\DataAccessLayer.Models.csproj", "{FFF50884-556B-43ED-8442-5E2494F3AAFD}"
EndProject
Project("{FAE04EC0-301F-11D3-BF4B-00C04F79EFBC}") = "WebApplication.Api", "WebApplication.Api\WebApplication.Api.csproj", "{33D82761-5DBA-4856-8AF4-0914934B4104}"
EndProject
Global
	GlobalSection(SolutionConfigurationPlatforms) = preSolution
		Debug|Any CPU = Debug|Any CPU
		Release|Any CPU = Release|Any CPU
	EndGlobalSection
	GlobalSection(ProjectConfigurationPlatforms) = postSolution
		{B83AA131-7A15-46C0-B935-6542F253F852}.Debug|Any CPU.ActiveCfg = Debug|Any CPU
		{B83AA131-7A15-46C0-B935-6542F253F852}.Debug|Any CPU.Build.0 = Debug|Any CPU
		{B83AA131-7A15-46C0-B935-6542F253F852}.Release|Any CPU.ActiveCfg = Release|Any CPU
		{B83AA131-7A15-46C0-B935-6542F253F852}.Release|Any CPU.Build.0 = Release|Any CPU
		{934F04E1-71CC-47A9-9EB3-1F8441F3A059}.Debug|Any CPU.ActiveCfg = Debug|Any CPU
		{934F04E1-71CC-47A9-9EB3-1F8441F3A059}.Debug|Any CPU.Build.0 = Debug|Any CPU
		{934F04E1-71CC-47A9-9EB3-1F8441F3A059}.Release|Any CPU.ActiveCfg = Release|Any CPU
		{934F04E1-71CC-47A9-9EB3-1F8441F3A059}.Release|Any CPU.Build.0 = Release|Any CPU
		{F6CE6405-A4FC-4338-92A9-7DA51FCDF9D5}.Debug|Any CPU.ActiveCfg = Debug|Any CPU
		{F6CE6405-A4FC-4338-92A9-7DA51FCDF9D5}.Debug|Any CPU.Build.0 = Debug|Any CPU
		{F6CE6405-A4FC-4338-92A9-7DA51FCDF9D5}.Release|Any CPU.ActiveCfg = Release|Any CPU
		{F6CE6405-A4FC-4338-92A9-7DA51FCDF9D5}.Release|Any CPU.Build.0 = Release|Any CPU
		{00762951-9D3D-499B-8D1F-5AE52A918943}.Debug|Any CPU.ActiveCfg = Debug|Any CPU
		{00762951-9D3D-499B-8D1F-5AE52A918943}.Debug|Any CPU.Build.0 = Debug|Any CPU
		{00762951-9D3D-499B-8D1F-5AE52A918943}.Release|Any CPU.ActiveCfg = Release|Any CPU
		{00762951-9D3D-499B-8D1F-5AE52A918943}.Release|Any CPU.Build.0 = Release|Any CPU
		{D83CA583-C2A6-4DCD-83D1-614216E8C79F}.Debug|Any CPU.ActiveCfg = Debug|Any CPU
		{D83CA583-C2A6-4DCD-83D1-614216E8C79F}.Debug|Any CPU.Build.0 = Debug|Any CPU
		{D83CA583-C2A6-4DCD-83D1-614216E8C79F}.Release|Any CPU.ActiveCfg = Release|Any CPU
		{D83CA583-C2A6-4DCD-83D1-614216E8C79F}.Release|Any CPU.Build.0 = Release|Any CPU
		{FFF50884-556B-43ED-8442-5E2494F3AAFD}.Debug|Any CPU.ActiveCfg = Debug|Any CPU
		{FFF50884-556B-43ED-8442-5E2494F3AAFD}.Debug|Any CPU.Build.0 = Debug|Any CPU
		{FFF50884-556B-43ED-8442-5E2494F3AAFD}.Release|Any CPU.ActiveCfg = Release|Any CPU
		{FFF50884-556B-43ED-8442-5E2494F3AAFD}.Release|Any CPU.Build.0 = Release|Any CPU
		{33D82761-5DBA-4856-8AF4-0914934B4104}.Debug|Any CPU.ActiveCfg = Debug|Any CPU
		{33D82761-5DBA-4856-8AF4-0914934B4104}.Debug|Any CPU.Build.0 = Debug|Any CPU
		{33D82761-5DBA-4856-8AF4-0914934B4104}.Release|Any CPU.ActiveCfg = Release|Any CPU
		{33D82761-5DBA-4856-8AF4-0914934B4104}.Release|Any CPU.Build.0 = Release|Any CPU
	EndGlobalSection
	GlobalSection(NestedProjects) = preSolution
		{B83AA131-7A15-46C0-B935-6542F253F852} = {795A749D-CC6A-4783-B482-54DAFF226633}
		{934F04E1-71CC-47A9-9EB3-1F8441F3A059} = {795A749D-CC6A-4783-B482-54DAFF226633}
		{F6CE6405-A4FC-4338-92A9-7DA51FCDF9D5} = {795A749D-CC6A-4783-B482-54DAFF226633}
		{00762951-9D3D-499B-8D1F-5AE52A918943} = {EA44B553-E6FF-4565-BED4-944C0E595F5A}
		{D83CA583-C2A6-4DCD-83D1-614216E8C79F} = {EA44B553-E6FF-4565-BED4-944C0E595F5A}
		{FFF50884-556B-43ED-8442-5E2494F3AAFD} = {EA44B553-E6FF-4565-BED4-944C0E595F5A}
	EndGlobalSection
EndGlobal
